
Microsoft Visual Studio Solution File, Format Version 12.00
# Visual Studio 15
VisualStudioVersion = 15.0.27703.2018
MinimumVisualStudioVersion = 10.0.40219.1
Project("{FAE04EC0-301F-11D3-BF4B-00C04F79EFBC}") = "WebApplication1", "WebApplication1\WebApplication1.csproj", "{855B9D2B-221E-429D-82A3-17925BA4B9D9}"
EndProject
Project("{FAE04EC0-301F-11D3-BF4B-00C04F79EFBC}") = "DAO", "DAO\DAO.csproj", "{59C08370-DEE2-4268-AF48-2EFE0297415B}"
EndProject
Global
	GlobalSection(SolutionConfigurationPlatforms) = preSolution
		Debug|Any CPU = Debug|Any CPU
		Release|Any CPU = Release|Any CPU
	EndGlobalSection
	GlobalSection(ProjectConfigurationPlatforms) = postSolution
		{855B9D2B-221E-429D-82A3-17925BA4B9D9}.Debug|Any CPU.ActiveCfg = Debug|Any CPU
		{855B9D2B-221E-429D-82A3-17925BA4B9D9}.Debug|Any CPU.Build.0 = Debug|Any CPU
		{855B9D2B-221E-429D-82A3-17925BA4B9D9}.Release|Any CPU.ActiveCfg = Release|Any CPU
		{855B9D2B-221E-429D-82A3-17925BA4B9D9}.Release|Any CPU.Build.0 = Release|Any CPU
		{59C08370-DEE2-4268-AF48-2EFE0297415B}.Debug|Any CPU.ActiveCfg = Debug|Any CPU
		{59C08370-DEE2-4268-AF48-2EFE0297415B}.Debug|Any CPU.Build.0 = Debug|Any CPU
		{59C08370-DEE2-4268-AF48-2EFE0297415B}.Release|Any CPU.ActiveCfg = Release|Any CPU
		{59C08370-DEE2-4268-AF48-2EFE0297415B}.Release|Any CPU.Build.0 = Release|Any CPU
	EndGlobalSection
	GlobalSection(SolutionProperties) = preSolution
		HideSolutionNode = FALSE
	EndGlobalSection
	GlobalSection(ExtensibilityGlobals) = postSolution
		SolutionGuid = {AD686C63-7280-4061-BBD4-31D7F687BF4E}
	EndGlobalSection
EndGlobal
